
Microsoft Visual Studio Solution File, Format Version 12.00
# Visual Studio Version 17
VisualStudioVersion = 17.7.34221.43
MinimumVisualStudioVersion = 10.0.40219.1
Project("{FAE04EC0-301F-11D3-BF4B-00C04F79EFBC}") = "BTTH3", "BTTH3\BTTH3.csproj", "{00AD09C1-72BC-4E57-B79C-AC75EC9A8031}"
EndProject
Global
	GlobalSection(SolutionConfigurationPlatforms) = preSolution
		Debug|Any CPU = Debug|Any CPU
		Release|Any CPU = Release|Any CPU
	EndGlobalSection
	GlobalSection(ProjectConfigurationPlatforms) = postSolution
		{00AD09C1-72BC-4E57-B79C-AC75EC9A8031}.Debug|Any CPU.ActiveCfg = Debug|Any CPU
		{00AD09C1-72BC-4E57-B79C-AC75EC9A8031}.Debug|Any CPU.Build.0 = Debug|Any CPU
		{00AD09C1-72BC-4E57-B79C-AC75EC9A8031}.Release|Any CPU.ActiveCfg = Release|Any CPU
		{00AD09C1-72BC-4E57-B79C-AC75EC9A8031}.Release|Any CPU.Build.0 = Release|Any CPU
	EndGlobalSection
	GlobalSection(SolutionProperties) = preSolution
		HideSolutionNode = FALSE
	EndGlobalSection
	GlobalSection(ExtensibilityGlobals) = postSolution
		SolutionGuid = {6FB36928-A726-4156-A3EB-D3669116DD06}
	EndGlobalSection
EndGlobal
